PODS:
  - Flutter (1.0.0)
  - package_info_plus (0.4.5):
    - Flutter
  - Sentry/HybridSDK (8.20.0):
    - SentryPrivate (= 8.20.0)
  - sentry_flutter (0.0.1):
    - Flutter
    - FlutterMacOS
    - Sentry/HybridSDK (= 8.20.0)
  - SentryPrivate (8.20.0)

DEPENDENCIES:
  - Flutter (from `Flutter`)
  - package_info_plus (from `.symlinks/plugins/package_info_plus/ios`)
  - sentry_flutter (from `.symlinks/plugins/sentry_flutter/ios`)

SPEC REPOS:
  trunk:
    - Sentry
    - SentryPrivate

EXTERNAL SOURCES:
  Flutter:
    :path: Flutter
  package_info_plus:
    :path: ".symlinks/plugins/package_info_plus/ios"
  sentry_flutter:
    :path: ".symlinks/plugins/sentry_flutter/ios"

SPEC CHECKSUMS:
  Flutter: e0871f40cf51350855a761d2e70bf5af5b9b5de7
  package_info_plus: 115f4ad11e0698c8c1c5d8a689390df880f47e85
  Sentry: a8d7b373b9f9868442b02a0c425192f693103cbf
  sentry_flutter: 03e7660857a8cdb236e71456a7e8447b65c8a788
  SentryPrivate: 006b24af16828441f70e2ab6adf241bd0a8ad130

PODFILE CHECKSUM: 46f286ccc94f3e90b6e5f9249db6707177ff576d

COCOAPODS: 1.15.2
